
Microsoft Visual Studio Solution File, Format Version 12.00
# Visual Studio Version 16
VisualStudioVersion = 16.0.808.4
MinimumVisualStudioVersion = 10.0.40219.1
Project("{FAE04EC0-301F-11D3-BF4B-00C04F79EFBC}") = "ex14-udo4", "ex14-udo4.csproj", "{C35D9303-19AA-44B5-B760-FA8E84F5F308}"
EndProject
Global
	GlobalSection(SolutionConfigurationPlatforms) = preSolution
		Debug|Any CPU = Debug|Any CPU
		Release|Any CPU = Release|Any CPU
	EndGlobalSection
	GlobalSection(ProjectConfigurationPlatforms) = postSolution
		{C35D9303-19AA-44B5-B760-FA8E84F5F308}.Debug|Any CPU.ActiveCfg = Debug|Any CPU
		{C35D9303-19AA-44B5-B760-FA8E84F5F308}.Debug|Any CPU.Build.0 = Debug|Any CPU
		{C35D9303-19AA-44B5-B760-FA8E84F5F308}.Release|Any CPU.ActiveCfg = Release|Any CPU
		{C35D9303-19AA-44B5-B760-FA8E84F5F308}.Release|Any CPU.Build.0 = Release|Any CPU
	EndGlobalSection
	GlobalSection(SolutionProperties) = preSolution
		HideSolutionNode = FALSE
	EndGlobalSection
	GlobalSection(ExtensibilityGlobals) = postSolution
		SolutionGuid = {6651C0A8-0946-4AF2-AF69-F9B542C28D0C}
	EndGlobalSection
EndGlobal
