
Microsoft Visual Studio Solution File, Format Version 12.00
# Visual Studio Version 16
VisualStudioVersion = 16.0.808.4
MinimumVisualStudioVersion = 10.0.40219.1
Project("{FAE04EC0-301F-11D3-BF4B-00C04F79EFBC}") = "ex2-udo4", "ex2-udo4.csproj", "{B654DC77-4646-4B38-905D-C27E58A4F307}"
EndProject
Global
	GlobalSection(SolutionConfigurationPlatforms) = preSolution
		Debug|Any CPU = Debug|Any CPU
		Release|Any CPU = Release|Any CPU
	EndGlobalSection
	GlobalSection(ProjectConfigurationPlatforms) = postSolution
		{B654DC77-4646-4B38-905D-C27E58A4F307}.Debug|Any CPU.ActiveCfg = Debug|Any CPU
		{B654DC77-4646-4B38-905D-C27E58A4F307}.Debug|Any CPU.Build.0 = Debug|Any CPU
		{B654DC77-4646-4B38-905D-C27E58A4F307}.Release|Any CPU.ActiveCfg = Release|Any CPU
		{B654DC77-4646-4B38-905D-C27E58A4F307}.Release|Any CPU.Build.0 = Release|Any CPU
	EndGlobalSection
	GlobalSection(SolutionProperties) = preSolution
		HideSolutionNode = FALSE
	EndGlobalSection
	GlobalSection(ExtensibilityGlobals) = postSolution
		SolutionGuid = {1369EA2C-0020-4ED6-BEF5-D595EC77DF5E}
	EndGlobalSection
EndGlobal
